
Microsoft Visual Studio Solution File, Format Version 12.00
# Visual Studio Version 17
VisualStudioVersion = 17.14.36401.2
MinimumVisualStudioVersion = 10.0.40219.1
Project("{54A90642-561A-4BB1-A94E-469ADEE60C69}") = "zakenviewer.client", "zakenviewer.client\zakenviewer.client.esproj", "{1B67ABBF-5579-F121-F409-414A89A07408}"
EndProject
Project("{FAE04EC0-301F-11D3-BF4B-00C04F79EFBC}") = "ZakenViewer.Server", "ZakenViewer.Server\ZakenViewer.Server.csproj", "{1CCA7B26-E352-4113-AF4F-36AC137A0DD1}"
EndProject
Project("{FAE04EC0-301F-11D3-BF4B-00C04F79EFBC}") = "ZakenViewer.AppHost", "ZakenViewer.AppHost\ZakenViewer.AppHost.csproj", "{4372CA76-181A-410E-8414-8342723F0A45}"
EndProject
Project("{FAE04EC0-301F-11D3-BF4B-00C04F79EFBC}") = "ZakenViewer.ServiceDefaults", "ZakenViewer.ServiceDefaults\ZakenViewer.ServiceDefaults.csproj", "{4D115FE1-9F74-F82E-D914-D867F14EFF75}"
EndProject
Global
	GlobalSection(SolutionConfigurationPlatforms) = preSolution
		Debug|Any CPU = Debug|Any CPU
		Release|Any CPU = Release|Any CPU
	EndGlobalSection
	GlobalSection(ProjectConfigurationPlatforms) = postSolution
		{1B67ABBF-5579-F121-F409-414A89A07408}.Debug|Any CPU.ActiveCfg = Debug|Any CPU
		{1B67ABBF-5579-F121-F409-414A89A07408}.Debug|Any CPU.Build.0 = Debug|Any CPU
		{1B67ABBF-5579-F121-F409-414A89A07408}.Debug|Any CPU.Deploy.0 = Debug|Any CPU
		{1B67ABBF-5579-F121-F409-414A89A07408}.Release|Any CPU.ActiveCfg = Release|Any CPU
		{1B67ABBF-5579-F121-F409-414A89A07408}.Release|Any CPU.Build.0 = Release|Any CPU
		{1B67ABBF-5579-F121-F409-414A89A07408}.Release|Any CPU.Deploy.0 = Release|Any CPU
		{1CCA7B26-E352-4113-AF4F-36AC137A0DD1}.Debug|Any CPU.ActiveCfg = Debug|Any CPU
		{1CCA7B26-E352-4113-AF4F-36AC137A0DD1}.Debug|Any CPU.Build.0 = Debug|Any CPU
		{1CCA7B26-E352-4113-AF4F-36AC137A0DD1}.Release|Any CPU.ActiveCfg = Release|Any CPU
		{1CCA7B26-E352-4113-AF4F-36AC137A0DD1}.Release|Any CPU.Build.0 = Release|Any CPU
		{4372CA76-181A-410E-8414-8342723F0A45}.Debug|Any CPU.ActiveCfg = Debug|Any CPU
		{4372CA76-181A-410E-8414-8342723F0A45}.Debug|Any CPU.Build.0 = Debug|Any CPU
		{4372CA76-181A-410E-8414-8342723F0A45}.Release|Any CPU.ActiveCfg = Release|Any CPU
		{4372CA76-181A-410E-8414-8342723F0A45}.Release|Any CPU.Build.0 = Release|Any CPU
		{4D115FE1-9F74-F82E-D914-D867F14EFF75}.Debug|Any CPU.ActiveCfg = Debug|Any CPU
		{4D115FE1-9F74-F82E-D914-D867F14EFF75}.Debug|Any CPU.Build.0 = Debug|Any CPU
		{4D115FE1-9F74-F82E-D914-D867F14EFF75}.Release|Any CPU.ActiveCfg = Release|Any CPU
		{4D115FE1-9F74-F82E-D914-D867F14EFF75}.Release|Any CPU.Build.0 = Release|Any CPU
	EndGlobalSection
	GlobalSection(SolutionProperties) = preSolution
		HideSolutionNode = FALSE
	EndGlobalSection
	GlobalSection(ExtensibilityGlobals) = postSolution
		SolutionGuid = {177B81FA-9E87-49D1-B74D-9C6B672C8197}
	EndGlobalSection
EndGlobal
